
Microsoft Visual Studio Solution File, Format Version 12.00
# Visual Studio Version 17
VisualStudioVersion = 17.5.002.0
MinimumVisualStudioVersion = 10.0.40219.1
Project("{9A19103F-16F7-4668-BE54-9A1E7A4F7556}") = "server", "server.csproj", "{FEDF9B4D-BEE3-46D6-80B4-BBD9445AC40A}"
EndProject
Global
	GlobalSection(SolutionConfigurationPlatforms) = preSolution
		Debug|Any CPU = Debug|Any CPU
		Release|Any CPU = Release|Any CPU
	EndGlobalSection
	GlobalSection(ProjectConfigurationPlatforms) = postSolution
		{FEDF9B4D-BEE3-46D6-80B4-BBD9445AC40A}.Debug|Any CPU.ActiveCfg = Debug|Any CPU
		{FEDF9B4D-BEE3-46D6-80B4-BBD9445AC40A}.Debug|Any CPU.Build.0 = Debug|Any CPU
		{FEDF9B4D-BEE3-46D6-80B4-BBD9445AC40A}.Release|Any CPU.ActiveCfg = Release|Any CPU
		{FEDF9B4D-BEE3-46D6-80B4-BBD9445AC40A}.Release|Any CPU.Build.0 = Release|Any CPU
	EndGlobalSection
	GlobalSection(SolutionProperties) = preSolution
		HideSolutionNode = FALSE
	EndGlobalSection
	GlobalSection(ExtensibilityGlobals) = postSolution
		SolutionGuid = {51C352CF-0FE5-4D2F-8E7B-5B1EB6E59CD2}
	EndGlobalSection
EndGlobal
